
Microsoft Visual Studio Solution File, Format Version 12.00
# Visual Studio 15
VisualStudioVersion = 15.0.28307.1321
MinimumVisualStudioVersion = 10.0.40219.1
Project("{8BC9CEB8-8B4A-11D0-8D11-00A0C91BC942}") = "xcom", "xcom.vcxproj", "{BD988A66-3090-4BEC-BEC6-DC933E40C4DF}"
EndProject
Project("{8BC9CEB8-8B4A-11D0-8D11-00A0C91BC942}") = "xdisk-server", "..\xdisk-server\xdisk-server.vcxproj", "{E91D4201-B0B6-4807-A45C-34978F896EAB}"
	ProjectSection(ProjectDependencies) = postProject
		{BD988A66-3090-4BEC-BEC6-DC933E40C4DF} = {BD988A66-3090-4BEC-BEC6-DC933E40C4DF}
	EndProjectSection
EndProject
Project("{8BC9CEB8-8B4A-11D0-8D11-00A0C91BC942}") = "xdisk-gui", "..\xdisk-gui\xdisk-gui.vcxproj", "{B12702AD-ABFB-343A-A199-8E24837244A3}"
	ProjectSection(ProjectDependencies) = postProject
		{BD988A66-3090-4BEC-BEC6-DC933E40C4DF} = {BD988A66-3090-4BEC-BEC6-DC933E40C4DF}
	EndProjectSection
EndProject
Global
	GlobalSection(SolutionConfigurationPlatforms) = preSolution
		Debug|x64 = Debug|x64
		Debug|x86 = Debug|x86
		Release|x64 = Release|x64
		Release|x86 = Release|x86
	EndGlobalSection
	GlobalSection(ProjectConfigurationPlatforms) = postSolution
		{BD988A66-3090-4BEC-BEC6-DC933E40C4DF}.Debug|x64.ActiveCfg = Debug|x64
		{BD988A66-3090-4BEC-BEC6-DC933E40C4DF}.Debug|x64.Build.0 = Debug|x64
		{BD988A66-3090-4BEC-BEC6-DC933E40C4DF}.Debug|x86.ActiveCfg = Debug|Win32
		{BD988A66-3090-4BEC-BEC6-DC933E40C4DF}.Debug|x86.Build.0 = Debug|Win32
		{BD988A66-3090-4BEC-BEC6-DC933E40C4DF}.Release|x64.ActiveCfg = Release|x64
		{BD988A66-3090-4BEC-BEC6-DC933E40C4DF}.Release|x64.Build.0 = Release|x64
		{BD988A66-3090-4BEC-BEC6-DC933E40C4DF}.Release|x86.ActiveCfg = Release|Win32
		{BD988A66-3090-4BEC-BEC6-DC933E40C4DF}.Release|x86.Build.0 = Release|Win32
		{E91D4201-B0B6-4807-A45C-34978F896EAB}.Debug|x64.ActiveCfg = Debug|x64
		{E91D4201-B0B6-4807-A45C-34978F896EAB}.Debug|x64.Build.0 = Debug|x64
		{E91D4201-B0B6-4807-A45C-34978F896EAB}.Debug|x86.ActiveCfg = Debug|Win32
		{E91D4201-B0B6-4807-A45C-34978F896EAB}.Debug|x86.Build.0 = Debug|Win32
		{E91D4201-B0B6-4807-A45C-34978F896EAB}.Release|x64.ActiveCfg = Release|x64
		{E91D4201-B0B6-4807-A45C-34978F896EAB}.Release|x64.Build.0 = Release|x64
		{E91D4201-B0B6-4807-A45C-34978F896EAB}.Release|x86.ActiveCfg = Release|Win32
		{E91D4201-B0B6-4807-A45C-34978F896EAB}.Release|x86.Build.0 = Release|Win32
		{B12702AD-ABFB-343A-A199-8E24837244A3}.Debug|x64.ActiveCfg = Debug|Win32
		{B12702AD-ABFB-343A-A199-8E24837244A3}.Debug|x86.ActiveCfg = Debug|Win32
		{B12702AD-ABFB-343A-A199-8E24837244A3}.Debug|x86.Build.0 = Debug|Win32
		{B12702AD-ABFB-343A-A199-8E24837244A3}.Release|x64.ActiveCfg = Release|Win32
		{B12702AD-ABFB-343A-A199-8E24837244A3}.Release|x86.ActiveCfg = Release|Win32
		{B12702AD-ABFB-343A-A199-8E24837244A3}.Release|x86.Build.0 = Release|Win32
	EndGlobalSection
	GlobalSection(SolutionProperties) = preSolution
		HideSolutionNode = FALSE
	EndGlobalSection
	GlobalSection(ExtensibilityGlobals) = postSolution
		SolutionGuid = {C068F49C-73E6-43DF-BECC-C66FF5953BDC}
	EndGlobalSection
EndGlobal
