<?xml version="1.0" encoding="utf-8"?>
<Project ToolsVersion="4.0" xmlns="http://schemas.microsoft.com/developer/msbuild/2003">
  <ItemGroup>
    <ClCompile Include="server_main.cpp" />
    <ClCompile Include="XFileServerTask.cpp">
      <Filter>源文件</Filter>
    </ClCompile>
  </ItemGroup>
  <ItemGroup>
    <Filter Include="头文件">
      <UniqueIdentifier>{077b5d05-bb2d-4e67-b7fd-3889650ecc43}</UniqueIdentifier>
    </Filter>
    <Filter Include="源文件">
      <UniqueIdentifier>{3d736206-421d-407f-aae4-3184d7514837}</UniqueIdentifier>
    </Filter>
  </ItemGroup>
  <ItemGroup>
    <ClInclude Include="XFileServerTask.h">
      <Filter>头文件</Filter>
    </ClInclude>
  </ItemGroup>
</Project>